
Microsoft Visual Studio Solution File, Format Version 12.00
Project("{FAE04EC0-301F-11D3-BF4B-00C04F79EFBC}") = "HumanOrNot.NET", "HumanOrNot.NET\HumanOrNot.NET.csproj", "{0928A041-18EA-471D-AD13-3CD9B72CB455}"
EndProject
Global
	GlobalSection(SolutionConfigurationPlatforms) = preSolution
		Debug|Any CPU = Debug|Any CPU
		Release|Any CPU = Release|Any CPU
	EndGlobalSection
	GlobalSection(ProjectConfigurationPlatforms) = postSolution
		{0928A041-18EA-471D-AD13-3CD9B72CB455}.Debug|Any CPU.ActiveCfg = Debug|Any CPU
		{0928A041-18EA-471D-AD13-3CD9B72CB455}.Debug|Any CPU.Build.0 = Debug|Any CPU
		{0928A041-18EA-471D-AD13-3CD9B72CB455}.Release|Any CPU.ActiveCfg = Release|Any CPU
		{0928A041-18EA-471D-AD13-3CD9B72CB455}.Release|Any CPU.Build.0 = Release|Any CPU
	EndGlobalSection
EndGlobal
